
Microsoft Visual Studio Solution File, Format Version 12.00
# Visual Studio 15
VisualStudioVersion = 15.0.27130.2027
MinimumVisualStudioVersion = 10.0.40219.1
Project("{FAE04EC0-301F-11D3-BF4B-00C04F79EFBC}") = "HelloDotNetCore", "HelloDotNetCore\HelloDotNetCore.csproj", "{DD91BB38-D913-48EA-8804-6AB60F42E371}"
EndProject
Global
	GlobalSection(SolutionConfigurationPlatforms) = preSolution
		Debug|Any CPU = Debug|Any CPU
		Release|Any CPU = Release|Any CPU
	EndGlobalSection
	GlobalSection(ProjectConfigurationPlatforms) = postSolution
		{DD91BB38-D913-48EA-8804-6AB60F42E371}.Debug|Any CPU.ActiveCfg = Debug|Any CPU
		{DD91BB38-D913-48EA-8804-6AB60F42E371}.Debug|Any CPU.Build.0 = Debug|Any CPU
		{DD91BB38-D913-48EA-8804-6AB60F42E371}.Release|Any CPU.ActiveCfg = Release|Any CPU
		{DD91BB38-D913-48EA-8804-6AB60F42E371}.Release|Any CPU.Build.0 = Release|Any CPU
	EndGlobalSection
	GlobalSection(SolutionProperties) = preSolution
		HideSolutionNode = FALSE
	EndGlobalSection
	GlobalSection(ExtensibilityGlobals) = postSolution
		SolutionGuid = {0CF0103C-8E3E-48B4-9F34-6F7BFC802857}
	EndGlobalSection
EndGlobal
